// !$*UTF8*$!
{
	archiveVersion = 1;
	classes = {
	};
	objectVersion = 56;
	objects = {

/* Begin PBXBuildFile section */
		5635AD802BFC6EDE00E06D20 /* AppDelegate.swift in Sources */ = {isa = PBXBuildFile; fileRef = 5635AD7F2BFC6EDE00E06D20 /* AppDelegate.swift */; };
		5635AD822BFC6EDE00E06D20 /* SceneDelegate.swift in Sources */ = {isa = PBXBuildFile; fileRef = 5635AD812BFC6EDE00E06D20 /* SceneDelegate.swift */; };
		5635AD842BFC6EDE00E06D20 /* ViewController.swift in Sources */ = {isa = PBXBuildFile; fileRef = 5635AD832BFC6EDE00E06D20 /* ViewController.swift */; };
		5635AD872BFC6EDE00E06D20 /* Main.storyboard in Resources */ = {isa = PBXBuildFile; fileRef = 5635AD852BFC6EDE00E06D20 /* Main.storyboard */; };
		5635AD892BFC6EE000E06D20 /* Assets.xcassets in Resources */ = {isa = PBXBuildFile; fileRef = 5635AD882BFC6EE000E06D20 /* Assets.xcassets */; };
		5635AD8C2BFC6EE000E06D20 /* LaunchScreen.storyboard in Resources */ = {isa = PBXBuildFile; fileRef = 5635AD8A2BFC6EE000E06D20 /* LaunchScreen.storyboard */; };
		5635AD952BFC79F000E06D20 /* MOLPayXDKBridge.m in Sources */ = {isa = PBXBuildFile; fileRef = 5635AD942BFC79F000E06D20 /* MOLPayXDKBridge.m */; };
		56618D9B2BFF2E11005973DE /* LICENSE in Resources */ = {isa = PBXBuildFile; fileRef = 56618D992BFF2E11005973DE /* LICENSE */; };
		56618D9C2BFF2E11005973DE /* README.md in Resources */ = {isa = PBXBuildFile; fileRef = 56618D9A2BFF2E11005973DE /* README.md */; };
		88BA624AB38533E3D02A7FD9 /* Pods_Mobile_XDK_Fiuu_Swift.framework in Frameworks */ = {isa = PBXBuildFile; fileRef = 4381F43F1F0793879D6A941B /* Pods_Mobile_XDK_Fiuu_Swift.framework */; };
/* End PBXBuildFile section */

/* Begin PBXFileReference section */
		4381F43F1F0793879D6A941B /* Pods_Mobile_XDK_Fiuu_Swift.framework */ = {isa = PBXFileReference; explicitFileType = wrapper.framework; includeInIndex = 0; path = Pods_Mobile_XDK_Fiuu_Swift.framework; sourceTree = BUILT_PRODUCTS_DIR; };
		5635AD7C2BFC6EDE00E06D20 /* Mobile-XDK-Fiuu_Swift.app */ = {isa = PBXFileReference; explicitFileType = wrapper.application; includeInIndex = 0; path = "Mobile-XDK-Fiuu_Swift.app"; sourceTree = BUILT_PRODUCTS_DIR; };
		5635AD7F2BFC6EDE00E06D20 /* AppDelegate.swift */ = {isa = PBXFileReference; lastKnownFileType = sourcecode.swift; path = AppDelegate.swift; sourceTree = "<group>"; };
		5635AD812BFC6EDE00E06D20 /* SceneDelegate.swift */ = {isa = PBXFileReference; lastKnownFileType = sourcecode.swift; path = SceneDelegate.swift; sourceTree = "<group>"; };
		5635AD832BFC6EDE00E06D20 /* ViewController.swift */ = {isa = PBXFileReference; lastKnownFileType = sourcecode.swift; path = ViewController.swift; sourceTree = "<group>"; };
		5635AD862BFC6EDE00E06D20 /* Base */ = {isa = PBXFileReference; lastKnownFileType = file.storyboard; name = Base; path = Base.lproj/Main.storyboard; sourceTree = "<group>"; };
		5635AD882BFC6EE000E06D20 /* Assets.xcassets */ = {isa = PBXFileReference; lastKnownFileType = folder.assetcatalog; path = Assets.xcassets; sourceTree = "<group>"; };
		5635AD8B2BFC6EE000E06D20 /* Base */ = {isa = PBXFileReference; lastKnownFileType = file.storyboard; name = Base; path = Base.lproj/LaunchScreen.storyboard; sourceTree = "<group>"; };
		5635AD8D2BFC6EE000E06D20 /* Info.plist */ = {isa = PBXFileReference; lastKnownFileType = text.plist.xml; path = Info.plist; sourceTree = "<group>"; };
		5635AD932BFC79F000E06D20 /* Mobile-XDK-Fiuu_Swift-Bridging-Header.h */ = {isa = PBXFileReference; lastKnownFileType = sourcecode.c.h; path = "Mobile-XDK-Fiuu_Swift-Bridging-Header.h"; sourceTree = "<group>"; };
		5635AD942BFC79F000E06D20 /* MOLPayXDKBridge.m */ = {isa = PBXFileReference; lastKnownFileType = sourcecode.c.objc; path = MOLPayXDKBridge.m; sourceTree = "<group>"; };
		56618D992BFF2E11005973DE /* LICENSE */ = {isa = PBXFileReference; fileEncoding = 4; lastKnownFileType = text; path = LICENSE; sourceTree = SOURCE_ROOT; };
		56618D9A2BFF2E11005973DE /* README.md */ = {isa = PBXFileReference; fileEncoding = 4; lastKnownFileType = net.daringfireball.markdown; path = README.md; sourceTree = SOURCE_ROOT; };
		A32F682709C6E10EDF2A5678 /* Pods-Mobile-XDK-Fiuu_Swift.debug.xcconfig */ = {isa = PBXFileReference; includeInIndex = 1; lastKnownFileType = text.xcconfig; name = "Pods-Mobile-XDK-Fiuu_Swift.debug.xcconfig"; path = "Target Support Files/Pods-Mobile-XDK-Fiuu_Swift/Pods-Mobile-XDK-Fiuu_Swift.debug.xcconfig"; sourceTree = "<group>"; };
		E7F1E215C2B20B6EC0784D07 /* Pods-Mobile-XDK-Fiuu_Swift.release.xcconfig */ = {isa = PBXFileReference; includeInIndex = 1; lastKnownFileType = text.xcconfig; name = "Pods-Mobile-XDK-Fiuu_Swift.release.xcconfig"; path = "Target Support Files/Pods-Mobile-XDK-Fiuu_Swift/Pods-Mobile-XDK-Fiuu_Swift.release.xcconfig"; sourceTree = "<group>"; };
/* End PBXFileReference section */

/* Begin PBXFrameworksBuildPhase section */
		5635AD792BFC6EDE00E06D20 /* Frameworks */ = {
			isa = PBXFrameworksBuildPhase;
			buildActionMask = 2147483647;
			files = (
				88BA624AB38533E3D02A7FD9 /* Pods_Mobile_XDK_Fiuu_Swift.framework in Frameworks */,
			);
			runOnlyForDeploymentPostprocessing = 0;
		};
/* End PBXFrameworksBuildPhase section */

/* Begin PBXGroup section */
		5635AD732BFC6EDE00E06D20 = {
			isa = PBXGroup;
			children = (
				56618D982BFF2DDD005973DE /* XDK_information */,
				5635AD7E2BFC6EDE00E06D20 /* Mobile-XDK-Fiuu_Swift */,
				5635AD7D2BFC6EDE00E06D20 /* Products */,
				8B1B29AB0EE8C4A9567A1C21 /* Pods */,
				9211A75755B965DA6590B00F /* Frameworks */,
			);
			sourceTree = "<group>";
		};
		5635AD7D2BFC6EDE00E06D20 /* Products */ = {
			isa = PBXGroup;
			children = (
				5635AD7C2BFC6EDE00E06D20 /* Mobile-XDK-Fiuu_Swift.app */,
			);
			name = Products;
			sourceTree = "<group>";
		};
		5635AD7E2BFC6EDE00E06D20 /* Mobile-XDK-Fiuu_Swift */ = {
			isa = PBXGroup;
			children = (
				5635AD7F2BFC6EDE00E06D20 /* AppDelegate.swift */,
				5635AD812BFC6EDE00E06D20 /* SceneDelegate.swift */,
				5635AD832BFC6EDE00E06D20 /* ViewController.swift */,
				5635AD852BFC6EDE00E06D20 /* Main.storyboard */,
				5635AD882BFC6EE000E06D20 /* Assets.xcassets */,
				5635AD8A2BFC6EE000E06D20 /* LaunchScreen.storyboard */,
				5635AD8D2BFC6EE000E06D20 /* Info.plist */,
				5635AD942BFC79F000E06D20 /* MOLPayXDKBridge.m */,
				5635AD932BFC79F000E06D20 /* Mobile-XDK-Fiuu_Swift-Bridging-Header.h */,
			);
			path = "Mobile-XDK-Fiuu_Swift";
			sourceTree = "<group>";
		};
		56618D982BFF2DDD005973DE /* XDK_information */ = {
			isa = PBXGroup;
			children = (
				56618D992BFF2E11005973DE /* LICENSE */,
				56618D9A2BFF2E11005973DE /* README.md */,
			);
			path = XDK_information;
			sourceTree = "<group>";
		};
		8B1B29AB0EE8C4A9567A1C21 /* Pods */ = {
			isa = PBXGroup;
			children = (
				A32F682709C6E10EDF2A5678 /* Pods-Mobile-XDK-Fiuu_Swift.debug.xcconfig */,
				E7F1E215C2B20B6EC0784D07 /* Pods-Mobile-XDK-Fiuu_Swift.release.xcconfig */,
			);
			path = Pods;
			sourceTree = "<group>";
		};
		9211A75755B965DA6590B00F /* Frameworks */ = {
			isa = PBXGroup;
			children = (
				4381F43F1F0793879D6A941B /* Pods_Mobile_XDK_Fiuu_Swift.framework */,
			);
			name = Frameworks;
			sourceTree = "<group>";
		};
/* End PBXGroup section */

/* Begin PBXNativeTarget section */
		5635AD7B2BFC6EDE00E06D20 /* Mobile-XDK-Fiuu_Swift */ = {
			isa = PBXNativeTarget;
			buildConfigurationList = 5635AD902BFC6EE000E06D20 /* Build configuration list for PBXNativeTarget "Mobile-XDK-Fiuu_Swift" */;
			buildPhases = (
				AC5F5E5A6A9358519B5DD73E /* [CP] Check Pods Manifest.lock */,
				5635AD782BFC6EDE00E06D20 /* Sources */,
				5635AD792BFC6EDE00E06D20 /* Frameworks */,
				5635AD7A2BFC6EDE00E06D20 /* Resources */,
			);
			buildRules = (
			);
			dependencies = (
			);
			name = "Mobile-XDK-Fiuu_Swift";
			productName = "Mobile-XDK-Fiuu_Swift";
			productReference = 5635AD7C2BFC6EDE00E06D20 /* Mobile-XDK-Fiuu_Swift.app */;
			productType = "com.apple.product-type.application";
		};
/* End PBXNativeTarget section */

/* Begin PBXProject section */
		5635AD742BFC6EDE00E06D20 /* Project object */ = {
			isa = PBXProject;
			attributes = {
				BuildIndependentTargetsInParallel = 1;
				LastSwiftUpdateCheck = 1500;
				LastUpgradeCheck = 1500;
				TargetAttributes = {
					5635AD7B2BFC6EDE00E06D20 = {
						CreatedOnToolsVersion = 15.0.1;
						LastSwiftMigration = 1500;
					};
				};
			};
			buildConfigurationList = 5635AD772BFC6EDE00E06D20 /* Build configuration list for PBXProject "Mobile-XDK-Fiuu_Swift" */;
			compatibilityVersion = "Xcode 14.0";
			developmentRegion = en;
			hasScannedForEncodings = 0;
			knownRegions = (
				en,
				Base,
			);
			mainGroup = 5635AD732BFC6EDE00E06D20;
			productRefGroup = 5635AD7D2BFC6EDE00E06D20 /* Products */;
			projectDirPath = "";
			projectRoot = "";
			targets = (
				5635AD7B2BFC6EDE00E06D20 /* Mobile-XDK-Fiuu_Swift */,
			);
		};
/* End PBXProject section */

/* Begin PBXResourcesBuildPhase section */
		5635AD7A2BFC6EDE00E06D20 /* Resources */ = {
			isa = PBXResourcesBuildPhase;
			buildActionMask = 2147483647;
			files = (
				5635AD8C2BFC6EE000E06D20 /* LaunchScreen.storyboard in Resources */,
				5635AD892BFC6EE000E06D20 /* Assets.xcassets in Resources */,
				56618D9C2BFF2E11005973DE /* README.md in Resources */,
				56618D9B2BFF2E11005973DE /* LICENSE in Resources */,
				5635AD872BFC6EDE00E06D20 /* Main.storyboard in Resources */,
			);
			runOnlyForDeploymentPostprocessing = 0;
		};
/* End PBXResourcesBuildPhase section */

/* Begin PBXShellScriptBuildPhase section */
		AC5F5E5A6A9358519B5DD73E /* [CP] Check Pods Manifest.lock */ = {
			isa = PBXShellScriptBuildPhase;
			buildActionMask = 2147483647;
			files = (
			);
			inputFileListPaths = (
			);
			inputPaths = (
				"${PODS_PODFILE_DIR_PATH}/Podfile.lock",
				"${PODS_ROOT}/Manifest.lock",
			);
			name = "[CP] Check Pods Manifest.lock";
			outputFileListPaths = (
			);
			outputPaths = (
				"$(DERIVED_FILE_DIR)/Pods-Mobile-XDK-Fiuu_Swift-checkManifestLockResult.txt",
			);
			runOnlyForDeploymentPostprocessing = 0;
			shellPath = /bin/sh;
			shellScript = "diff \"${PODS_PODFILE_DIR_PATH}/Podfile.lock\" \"${PODS_ROOT}/Manifest.lock\" > /dev/null\nif [ $? != 0 ] ; then\n    # print error to STDERR\n    echo \"error: The sandbox is not in sync with the Podfile.lock. Run 'pod install' or update your CocoaPods installation.\" >&2\n    exit 1\nfi\n# This output is used by Xcode 'outputs' to avoid re-running this script phase.\necho \"SUCCESS\" > \"${SCRIPT_OUTPUT_FILE_0}\"\n";
			showEnvVarsInLog = 0;
		};
/* End PBXShellScriptBuildPhase section */

/* Begin PBXSourcesBuildPhase section */
		5635AD782BFC6EDE00E06D20 /* Sources */ = {
			isa = PBXSourcesBuildPhase;
			buildActionMask = 2147483647;
			files = (
				5635AD842BFC6EDE00E06D20 /* ViewController.swift in Sources */,
				5635AD802BFC6EDE00E06D20 /* AppDelegate.swift in Sources */,
				5635AD952BFC79F000E06D20 /* MOLPayXDKBridge.m in Sources */,
				5635AD822BFC6EDE00E06D20 /* SceneDelegate.swift in Sources */,
			);
			runOnlyForDeploymentPostprocessing = 0;
		};
/* End PBXSourcesBuildPhase section */

/* Begin PBXVariantGroup section */
		5635AD852BFC6EDE00E06D20 /* Main.storyboard */ = {
			isa = PBXVariantGroup;
			children = (
				5635AD862BFC6EDE00E06D20 /* Base */,
			);
			name = Main.storyboard;
			sourceTree = "<group>";
		};
		5635AD8A2BFC6EE000E06D20 /* LaunchScreen.storyboard */ = {
			isa = PBXVariantGroup;
			children = (
				5635AD8B2BFC6EE000E06D20 /* Base */,
			);
			name = LaunchScreen.storyboard;
			sourceTree = "<group>";
		};
/* End PBXVariantGroup section */

/* Begin XCBuildConfiguration section */
		5635AD8E2BFC6EE000E06D20 /* Debug */ = {
			isa = XCBuildConfiguration;
			buildSettings = {
				ALWAYS_SEARCH_USER_PATHS = NO;
				ASSETCATALOG_COMPILER_GENERATE_SWIFT_ASSET_SYMBOL_EXTENSIONS = YES;
				CLANG_ANALYZER_NONNULL = YES;
				CLANG_ANALYZER_NUMBER_OBJECT_CONVERSION = YES_AGGRESSIVE;
				CLANG_CXX_LANGUAGE_STANDARD = "gnu++20";
				CLANG_ENABLE_MODULES = YES;
				CLANG_ENABLE_OBJC_ARC = YES;
				CLANG_ENABLE_OBJC_WEAK = YES;
				CLANG_WARN_BLOCK_CAPTURE_AUTORELEASING = YES;
				CLANG_WARN_BOOL_CONVERSION = YES;
				CLANG_WARN_COMMA = YES;
				CLANG_WARN_CONSTANT_CONVERSION = YES;
				CLANG_WARN_DEPRECATED_OBJC_IMPLEMENTATIONS = YES;
				CLANG_WARN_DIRECT_OBJC_ISA_USAGE = YES_ERROR;
				CLANG_WARN_DOCUMENTATION_COMMENTS = YES;
				CLANG_WARN_EMPTY_BODY = YES;
				CLANG_WARN_ENUM_CONVERSION = YES;
				CLANG_WARN_INFINITE_RECURSION = YES;
				CLANG_WARN_INT_CONVERSION = YES;
				CLANG_WARN_NON_LITERAL_NULL_CONVERSION = YES;
				CLANG_WARN_OBJC_IMPLICIT_RETAIN_SELF = YES;
				CLANG_WARN_OBJC_LITERAL_CONVERSION = YES;
				CLANG_WARN_OBJC_ROOT_CLASS = YES_ERROR;
				CLANG_WARN_QUOTED_INCLUDE_IN_FRAMEWORK_HEADER = YES;
				CLANG_WARN_RANGE_LOOP_ANALYSIS = YES;
				CLANG_WARN_STRICT_PROTOTYPES = YES;
				CLANG_WARN_SUSPICIOUS_MOVE = YES;
				CLANG_WARN_UNGUARDED_AVAILABILITY = YES_AGGRESSIVE;
				CLANG_WARN_UNREACHABLE_CODE = YES;
				CLANG_WARN__DUPLICATE_METHOD_MATCH = YES;
				COPY_PHASE_STRIP = NO;
				DEBUG_INFORMATION_FORMAT = dwarf;
				ENABLE_STRICT_OBJC_MSGSEND = YES;
				ENABLE_TESTABILITY = YES;
				ENABLE_USER_SCRIPT_SANDBOXING = YES;
				GCC_C_LANGUAGE_STANDARD = gnu17;
				GCC_DYNAMIC_NO_PIC = NO;
				GCC_NO_COMMON_BLOCKS = YES;
				GCC_OPTIMIZATION_LEVEL = 0;
				GCC_PREPROCESSOR_DEFINITIONS = (
					"DEBUG=1",
					"$(inherited)",
				);
				GCC_WARN_64_TO_32_BIT_CONVERSION = YES;
				GCC_WARN_ABOUT_RETURN_TYPE = YES_ERROR;
				GCC_WARN_UNDECLARED_SELECTOR = YES;
				GCC_WARN_UNINITIALIZED_AUTOS = YES_AGGRESSIVE;
				GCC_WARN_UNUSED_FUNCTION = YES;
				GCC_WARN_UNUSED_VARIABLE = YES;
				IPHONEOS_DEPLOYMENT_TARGET = 17.0;
				LOCALIZATION_PREFERS_STRING_CATALOGS = YES;
				MTL_ENABLE_DEBUG_INFO = INCLUDE_SOURCE;
				MTL_FAST_MATH = YES;
				ONLY_ACTIVE_ARCH = YES;
				SDKROOT = iphoneos;
				SWIFT_ACTIVE_COMPILATION_CONDITIONS = "DEBUG $(inherited)";
				SWIFT_OPTIMIZATION_LEVEL = "-Onone";
			};
			name = Debug;
		};
		5635AD8F2BFC6EE000E06D20 /* Release */ = {
			isa = XCBuildConfiguration;
			buildSettings = {
				ALWAYS_SEARCH_USER_PATHS = NO;
				ASSETCATALOG_COMPILER_GENERATE_SWIFT_ASSET_SYMBOL_EXTENSIONS = YES;
				CLANG_ANALYZER_NONNULL = YES;
				CLANG_ANALYZER_NUMBER_OBJECT_CONVERSION = YES_AGGRESSIVE;
				CLANG_CXX_LANGUAGE_STANDARD = "gnu++20";
				CLANG_ENABLE_MODULES = YES;
				CLANG_ENABLE_OBJC_ARC = YES;
				CLANG_ENABLE_OBJC_WEAK = YES;
				CLANG_WARN_BLOCK_CAPTURE_AUTORELEASING = YES;
				CLANG_WARN_BOOL_CONVERSION = YES;
				CLANG_WARN_COMMA = YES;
				CLANG_WARN_CONSTANT_CONVERSION = YES;
				CLANG_WARN_DEPRECATED_OBJC_IMPLEMENTATIONS = YES;
				CLANG_WARN_DIRECT_OBJC_ISA_USAGE = YES_ERROR;
				CLANG_WARN_DOCUMENTATION_COMMENTS = YES;
				CLANG_WARN_EMPTY_BODY = YES;
				CLANG_WARN_ENUM_CONVERSION = YES;
				CLANG_WARN_INFINITE_RECURSION = YES;
				CLANG_WARN_INT_CONVERSION = YES;
				CLANG_WARN_NON_LITERAL_NULL_CONVERSION = YES;
				CLANG_WARN_OBJC_IMPLICIT_RETAIN_SELF = YES;
				CLANG_WARN_OBJC_LITERAL_CONVERSION = YES;
				CLANG_WARN_OBJC_ROOT_CLASS = YES_ERROR;
				CLANG_WARN_QUOTED_INCLUDE_IN_FRAMEWORK_HEADER = YES;
				CLANG_WARN_RANGE_LOOP_ANALYSIS = YES;
				CLANG_WARN_STRICT_PROTOTYPES = YES;
				CLANG_WARN_SUSPICIOUS_MOVE = YES;
				CLANG_WARN_UNGUARDED_AVAILABILITY = YES_AGGRESSIVE;
				CLANG_WARN_UNREACHABLE_CODE = YES;
				CLANG_WARN__DUPLICATE_METHOD_MATCH = YES;
				COPY_PHASE_STRIP = NO;
				DEBUG_INFORMATION_FORMAT = "dwarf-with-dsym";
				ENABLE_NS_ASSERTIONS = NO;
				ENABLE_STRICT_OBJC_MSGSEND = YES;
				ENABLE_USER_SCRIPT_SANDBOXING = YES;
				GCC_C_LANGUAGE_STANDARD = gnu17;
				GCC_NO_COMMON_BLOCKS = YES;
				GCC_WARN_64_TO_32_BIT_CONVERSION = YES;
				GCC_WARN_ABOUT_RETURN_TYPE = YES_ERROR;
				GCC_WARN_UNDECLARED_SELECTOR = YES;
				GCC_WARN_UNINITIALIZED_AUTOS = YES_AGGRESSIVE;
				GCC_WARN_UNUSED_FUNCTION = YES;
				GCC_WARN_UNUSED_VARIABLE = YES;
				IPHONEOS_DEPLOYMENT_TARGET = 17.0;
				LOCALIZATION_PREFERS_STRING_CATALOGS = YES;
				MTL_ENABLE_DEBUG_INFO = NO;
				MTL_FAST_MATH = YES;
				SDKROOT = iphoneos;
				SWIFT_COMPILATION_MODE = wholemodule;
				VALIDATE_PRODUCT = YES;
			};
			name = Release;
		};
		5635AD912BFC6EE000E06D20 /* Debug */ = {
			isa = XCBuildConfiguration;
			baseConfigurationReference = A32F682709C6E10EDF2A5678 /* Pods-Mobile-XDK-Fiuu_Swift.debug.xcconfig */;
			buildSettings = {
				ASSETCATALOG_COMPILER_APPICON_NAME = AppIcon;
				ASSETCATALOG_COMPILER_GLOBAL_ACCENT_COLOR_NAME = AccentColor;
				CLANG_ENABLE_MODULES = YES;
				CODE_SIGN_STYLE = Automatic;
				CURRENT_PROJECT_VERSION = 1;
				DEVELOPMENT_TEAM = 66L78PU46C;
				"EXCLUDED_ARCHS[sdk=iphonesimulator*]" = arm64;
				GENERATE_INFOPLIST_FILE = YES;
				INFOPLIST_FILE = "Mobile-XDK-Fiuu_Swift/Info.plist";
				INFOPLIST_KEY_UIApplicationSupportsIndirectInputEvents = YES;
				INFOPLIST_KEY_UILaunchStoryboardName = LaunchScreen;
				INFOPLIST_KEY_UIMainStoryboardFile = Main;
				INFOPLIST_KEY_UISupportedInterfaceOrientations_iPad = "UIInterfaceOrientationPortrait UIInterfaceOrientationPortraitUpsideDown UIInterfaceOrientationLandscapeLeft UIInterfaceOrientationLandscapeRight";
				INFOPLIST_KEY_UISupportedInterfaceOrientations_iPhone = "UIInterfaceOrientationPortrait UIInterfaceOrientationLandscapeLeft UIInterfaceOrientationLandscapeRight";
				IPHONEOS_DEPLOYMENT_TARGET = 13.0;
				LD_RUNPATH_SEARCH_PATHS = (
					"$(inherited)",
					"@executable_path/Frameworks",
				);
				MARKETING_VERSION = 1.0;
				PRODUCT_BUNDLE_IDENTIFIER = "rms.com.Mobile-XDK-Fiuu-Swift";
				PRODUCT_NAME = "$(TARGET_NAME)";
				SWIFT_EMIT_LOC_STRINGS = YES;
				SWIFT_OBJC_BRIDGING_HEADER = "Mobile-XDK-Fiuu_Swift/Mobile-XDK-Fiuu_Swift-Bridging-Header.h";
				SWIFT_OPTIMIZATION_LEVEL = "-Onone";
				SWIFT_VERSION = 5.0;
				TARGETED_DEVICE_FAMILY = "1,2";
			};
			name = Debug;
		};
		5635AD922BFC6EE000E06D20 /* Release */ = {
			isa = XCBuildConfiguration;
			baseConfigurationReference = E7F1E215C2B20B6EC0784D07 /* Pods-Mobile-XDK-Fiuu_Swift.release.xcconfig */;
			buildSettings = {
				ASSETCATALOG_COMPILER_APPICON_NAME = AppIcon;
				ASSETCATALOG_COMPILER_GLOBAL_ACCENT_COLOR_NAME = AccentColor;
				CLANG_ENABLE_MODULES = YES;
				CODE_SIGN_STYLE = Automatic;
				CURRENT_PROJECT_VERSION = 1;
				DEVELOPMENT_TEAM = 66L78PU46C;
				GENERATE_INFOPLIST_FILE = YES;
				INFOPLIST_FILE = "Mobile-XDK-Fiuu_Swift/Info.plist";
				INFOPLIST_KEY_UIApplicationSupportsIndirectInputEvents = YES;
				INFOPLIST_KEY_UILaunchStoryboardName = LaunchScreen;
				INFOPLIST_KEY_UIMainStoryboardFile = Main;
				INFOPLIST_KEY_UISupportedInterfaceOrientations_iPad = "UIInterfaceOrientationPortrait UIInterfaceOrientationPortraitUpsideDown UIInterfaceOrientationLandscapeLeft UIInterfaceOrientationLandscapeRight";
				INFOPLIST_KEY_UISupportedInterfaceOrientations_iPhone = "UIInterfaceOrientationPortrait UIInterfaceOrientationLandscapeLeft UIInterfaceOrientationLandscapeRight";
				IPHONEOS_DEPLOYMENT_TARGET = 13.0;
				LD_RUNPATH_SEARCH_PATHS = (
					"$(inherited)",
					"@executable_path/Frameworks",
				);
				MARKETING_VERSION = 1.0;
				PRODUCT_BUNDLE_IDENTIFIER = "rms.com.Mobile-XDK-Fiuu-Swift";
				PRODUCT_NAME = "$(TARGET_NAME)";
				SWIFT_EMIT_LOC_STRINGS = YES;
				SWIFT_OBJC_BRIDGING_HEADER = "Mobile-XDK-Fiuu_Swift/Mobile-XDK-Fiuu_Swift-Bridging-Header.h";
				SWIFT_VERSION = 5.0;
				TARGETED_DEVICE_FAMILY = "1,2";
			};
			name = Release;
		};
/* End XCBuildConfiguration section */

/* Begin XCConfigurationList section */
		5635AD772BFC6EDE00E06D20 /* Build configuration list for PBXProject "Mobile-XDK-Fiuu_Swift" */ = {
			isa = XCConfigurationList;
			buildConfigurations = (
				5635AD8E2BFC6EE000E06D20 /* Debug */,
				5635AD8F2BFC6EE000E06D20 /* Release */,
			);
			defaultConfigurationIsVisible = 0;
			defaultConfigurationName = Release;
		};
		5635AD902BFC6EE000E06D20 /* Build configuration list for PBXNativeTarget "Mobile-XDK-Fiuu_Swift" */ = {
			isa = XCConfigurationList;
			buildConfigurations = (
				5635AD912BFC6EE000E06D20 /* Debug */,
				5635AD922BFC6EE000E06D20 /* Release */,
			);
			defaultConfigurationIsVisible = 0;
			defaultConfigurationName = Release;
		};
/* End XCConfigurationList section */
	};
	rootObject = 5635AD742BFC6EDE00E06D20 /* Project object */;
}
